PODS:
  - Capacitor (7.4.4):
    - CapacitorCordova
  - CapacitorCordova (7.4.4)
  - CapacitorHaptics (7.0.3):
    - Capacitor
  - CapgoNativeAudio (7.11.2):
    - Capacitor

DEPENDENCIES:
  - "Capacitor (from `../../node_modules/@capacitor/ios`)"
  - "CapacitorCordova (from `../../node_modules/@capacitor/ios`)"
  - "CapacitorHaptics (from `../../node_modules/@capacitor/haptics`)"
  - "CapgoNativeAudio (from `../../node_modules/@capgo/native-audio`)"

EXTERNAL SOURCES:
  Capacitor:
    :path: "../../node_modules/@capacitor/ios"
  CapacitorCordova:
    :path: "../../node_modules/@capacitor/ios"
  CapacitorHaptics:
    :path: "../../node_modules/@capacitor/haptics"
  CapgoNativeAudio:
    :path: "../../node_modules/@capgo/native-audio"

SPEC CHECKSUMS:
  Capacitor: 358dd1c3fdd71d969547b17e159fd8a7736cb45f
  CapacitorCordova: bf648a636f3c153f652d312ae145fb508b6ffced
  CapacitorHaptics: ce15be8f287fa2c61c7d2d9e958885b90cf0bebc
  CapgoNativeAudio: af17491acb5c73bf5ae04dd2a875f89ccf05553f

PODFILE CHECKSUM: 67971965db17e40cc87b27d14e9c155e71a9b3e9

COCOAPODS: 1.16.2
